
Microsoft Visual Studio Solution File, Format Version 12.00
# Visual Studio Version 16
VisualStudioVersion = 16.0.29123.88
MinimumVisualStudioVersion = 10.0.40219.1
Project("{9A19103F-16F7-4668-BE54-9A1E7A4F7556}") = "CodeBlogFitness.BL", "CodeBlogFitness.BL\CodeBlogFitness.BL.csproj", "{C9B19D23-4CBC-446F-9D26-D516CDC68068}"
EndProject
Project("{9A19103F-16F7-4668-BE54-9A1E7A4F7556}") = "CodeBlogFitness.CMD", "CodeBlogFitness.CMD\CodeBlogFitness.CMD.csproj", "{E939FAB1-6F29-43B9-A4F7-8C58C2FEB5EE}"
	ProjectSection(ProjectDependencies) = postProject
		{C9B19D23-4CBC-446F-9D26-D516CDC68068} = {C9B19D23-4CBC-446F-9D26-D516CDC68068}
	EndProjectSection
EndProject
Project("{9A19103F-16F7-4668-BE54-9A1E7A4F7556}") = "UnitTestCodeBlogFitness.BL.Tests", "UnitTestCodeBlogFitness.BL.Tests\UnitTestCodeBlogFitness.BL.Tests.csproj", "{1BF51197-6CAC-41AF-AC98-10DBD7B4D2C2}"
EndProject
Global
	GlobalSection(SolutionConfigurationPlatforms) = preSolution
		Debug|Any CPU = Debug|Any CPU
		Release|Any CPU = Release|Any CPU
	EndGlobalSection
	GlobalSection(ProjectConfigurationPlatforms) = postSolution
		{C9B19D23-4CBC-446F-9D26-D516CDC68068}.Debug|Any CPU.ActiveCfg = Debug|Any CPU
		{C9B19D23-4CBC-446F-9D26-D516CDC68068}.Debug|Any CPU.Build.0 = Debug|Any CPU
		{C9B19D23-4CBC-446F-9D26-D516CDC68068}.Release|Any CPU.ActiveCfg = Release|Any CPU
		{C9B19D23-4CBC-446F-9D26-D516CDC68068}.Release|Any CPU.Build.0 = Release|Any CPU
		{E939FAB1-6F29-43B9-A4F7-8C58C2FEB5EE}.Debug|Any CPU.ActiveCfg = Debug|Any CPU
		{E939FAB1-6F29-43B9-A4F7-8C58C2FEB5EE}.Debug|Any CPU.Build.0 = Debug|Any CPU
		{E939FAB1-6F29-43B9-A4F7-8C58C2FEB5EE}.Release|Any CPU.ActiveCfg = Release|Any CPU
		{E939FAB1-6F29-43B9-A4F7-8C58C2FEB5EE}.Release|Any CPU.Build.0 = Release|Any CPU
		{1BF51197-6CAC-41AF-AC98-10DBD7B4D2C2}.Debug|Any CPU.ActiveCfg = Debug|Any CPU
		{1BF51197-6CAC-41AF-AC98-10DBD7B4D2C2}.Debug|Any CPU.Build.0 = Debug|Any CPU
		{1BF51197-6CAC-41AF-AC98-10DBD7B4D2C2}.Release|Any CPU.ActiveCfg = Release|Any CPU
		{1BF51197-6CAC-41AF-AC98-10DBD7B4D2C2}.Release|Any CPU.Build.0 = Release|Any CPU
	EndGlobalSection
	GlobalSection(SolutionProperties) = preSolution
		HideSolutionNode = FALSE
	EndGlobalSection
	GlobalSection(ExtensibilityGlobals) = postSolution
		SolutionGuid = {4DE1B968-04AA-4A30-A830-0D7FFBD09DF4}
	EndGlobalSection
EndGlobal
